
Microsoft Visual Studio Solution File, Format Version 12.00
# Visual Studio 2012
Project("{FAE04EC0-301F-11D3-BF4B-00C04F79EFBC}") = "RenReestr", "RenReestr\RenReestr.csproj", "{949A1756-DD16-47C3-96A4-4F0E90D658AF}"
EndProject
Global
	GlobalSection(SolutionConfigurationPlatforms) = preSolution
		Debug|Any CPU = Debug|Any CPU
		Release|Any CPU = Release|Any CPU
	EndGlobalSection
	GlobalSection(ProjectConfigurationPlatforms) = postSolution
		{949A1756-DD16-47C3-96A4-4F0E90D658AF}.Debug|Any CPU.ActiveCfg = Debug|Any CPU
		{949A1756-DD16-47C3-96A4-4F0E90D658AF}.Debug|Any CPU.Build.0 = Debug|Any CPU
		{949A1756-DD16-47C3-96A4-4F0E90D658AF}.Release|Any CPU.ActiveCfg = Release|Any CPU
		{949A1756-DD16-47C3-96A4-4F0E90D658AF}.Release|Any CPU.Build.0 = Release|Any CPU
	EndGlobalSection
	GlobalSection(SolutionProperties) = preSolution
		HideSolutionNode = FALSE
	EndGlobalSection
EndGlobal
